{
  "lockfile_version": "1",
  "packages": {
    "cmake@latest": {
      "last_modified": "2025-11-23T21:50:36Z",
      "resolved": "github:NixOS/nixpkgs/ee09932cedcef15aaf476f9343d1dea2cb77e261#cmake",
      "source": "devbox-search",
      "version": "4.1.2",
      "systems": {
        "aarch64-darwin": {
          "outputs": [
            {
              "name": "out",
              "path": "/nix/store/0v5vpvwbl94qv9447jz995i4n9mx4l63-cmake-4.1.2",
              "default": true
            }
          ],
          "store_path": "/nix/store/0v5vpvwbl94qv9447jz995i4n9mx4l63-cmake-4.1.2"
        },
        "aarch64-linux": {
          "outputs": [
            {
              "name": "out",
              "path": "/nix/store/ipjw0mbzcycidbw62gsz47cgivqxm2lv-cmake-4.1.2",
              "default": true
            },
            {
              "name": "debug",
              "path": "/nix/store/4m6l2qb5s7vyirybbn3c5k1rv2dww1vy-cmake-4.1.2-debug"
            }
          ],
          "store_path": "/nix/store/ipjw0mbzcycidbw62gsz47cgivqxm2lv-cmake-4.1.2"
        },
        "x86_64-darwin": {
          "outputs": [
            {
              "name": "out",
              "path": "/nix/store/i7c7r2g0zycvi7wh3rnw1dx3aglbvw2d-cmake-4.1.2",
              "default": true
            }
          ],
          "store_path": "/nix/store/i7c7r2g0zycvi7wh3rnw1dx3aglbvw2d-cmake-4.1.2"
        },
        "x86_64-linux": {
          "outputs": [
            {
              "name": "out",
              "path": "/nix/store/w9jm660dykns6hzrdhxmqfywnc9ail8g-cmake-4.1.2",
              "default": true
            },
            {
              "name": "debug",
              "path": "/nix/store/pnizhra0882ijp3nilvzdzbaa0ayq4hd-cmake-4.1.2-debug"
            }
          ],
          "store_path": "/nix/store/w9jm660dykns6hzrdhxmqfywnc9ail8g-cmake-4.1.2"
        }
      }
    },
    "curl@latest": {
      "last_modified": "2025-12-03T03:51:48Z",
      "resolved": "github:NixOS/nixpkgs/cadcc8de247676e4751c9d4a935acb2c0b059113#curl",
      "source": "devbox-search",
      "version": "8.17.0",
      "systems": {
        "aarch64-darwin": {
          "outputs": [
            {
              "name": "bin",
              "path": "/nix/store/qfwqcndy8bji6xww0gizclf2nqi2qpph-curl-8.17.0-bin",
              "default": true
            },
            {
              "name": "man",
              "path": "/nix/store/rk815zvrhwzbi7c6d589v2mhxzyzb400-curl-8.17.0-man",
              "default": true
            },
            {
              "name": "dev",
              "path": "/nix/store/ydp55g2mbd6rk6lfw0krkk3jwgdiqj5d-curl-8.17.0-dev"
            },
            {
              "name": "devdoc",
              "path": "/nix/store/8s884m82fmrbiyz8malglqc4sd632dkc-curl-8.17.0-devdoc"
            },
            {
              "name": "out",
              "path": "/nix/store/yxv8fxaz0fyhc31dv3rz89kc50zw5hgj-curl-8.17.0"
            }
          ],
          "store_path": "/nix/store/qfwqcndy8bji6xww0gizclf2nqi2qpph-curl-8.17.0-bin"
        },
        "aarch64-linux": {
          "outputs": [
            {
              "name": "bin",
              "path": "/nix/store/4x19j6zihdl6pya63xs8g360f2r614sx-curl-8.17.0-bin",
              "default": true
            },
            {
              "name": "man",
              "path": "/nix/store/b29qbmbfvzkm34k0jnj8ykqg2gzj3rdy-curl-8.17.0-man",
              "default": true
            },
            {
              "name": "debug",
              "path": "/nix/store/5hmbdk99knmbg8b0fzh96bv6bkcf6v5i-curl-8.17.0-debug"
            },
            {
              "name": "dev",
              "path": "/nix/store/iqs9mjscns3h5npgkrhgr5xa7qzwd0si-curl-8.17.0-dev"
            },
            {
              "name": "devdoc",
              "path": "/nix/store/1fwncv08c8g78k3hj3cj375vx92ndrp8-curl-8.17.0-devdoc"
            },
            {
              "name": "out",
              "path": "/nix/store/b0a6qc92vybjiggh0kg387cg0zp3kl6j-curl-8.17.0"
            }
          ],
          "store_path": "/nix/store/4x19j6zihdl6pya63xs8g360f2r614sx-curl-8.17.0-bin"
        },
        "x86_64-darwin": {
          "outputs": [
            {
              "name": "bin",
              "path": "/nix/store/w2336wv560g1n58cwashmmczdn3bfkq1-curl-8.17.0-bin",
              "default": true
            },
            {
              "name": "man",
              "path": "/nix/store/i6xmhcan8g4abda7ivv20nvwxrsssjqj-curl-8.17.0-man",
              "default": true
            },
            {
              "name": "dev",
              "path": "/nix/store/39zfdgq9kg3mb4sycf8pj4pdssrzki6c-curl-8.17.0-dev"
            },
            {
              "name": "devdoc",
              "path": "/nix/store/ipa7v9z7pjcnnv0fmdya1fldcxv0a28z-curl-8.17.0-devdoc"
            },
            {
              "name": "out",
              "path": "/nix/store/x9gyg634fi8mgcyay9mqa1ral7xg72fm-curl-8.17.0"
            }
          ],
          "store_path": "/nix/store/w2336wv560g1n58cwashmmczdn3bfkq1-curl-8.17.0-bin"
        },
        "x86_64-linux": {
          "outputs": [
            {
              "name": "bin",
              "path": "/nix/store/0rfz69vp1nl0q2hxzig20hc60sk72z62-curl-8.17.0-bin",
              "default": true
            },
            {
              "name": "man",
              "path": "/nix/store/ijd0yybyzwm98d3q6x7a9cyixgxk0i5d-curl-8.17.0-man",
              "default": true
            },
            {
              "name": "debug",
              "path": "/nix/store/h1fxw0xrifxvbhcp7b8hxsgirxxxfzav-curl-8.17.0-debug"
            },
            {
              "name": "dev",
              "path": "/nix/store/ikmdk37frjdblkba3wl3xws2wwgln17x-curl-8.17.0-dev"
            },
            {
              "name": "devdoc",
              "path": "/nix/store/jm6irg81cc0hqg43l39lkxr6pb0w2xk5-curl-8.17.0-devdoc"
            },
            {
              "name": "out",
              "path": "/nix/store/8idis3j5l13c3x74jl8xly0k4qyk9mx6-curl-8.17.0"
            }
          ],
          "store_path": "/nix/store/0rfz69vp1nl0q2hxzig20hc60sk72z62-curl-8.17.0-bin"
        }
      }
    },
    "gettext@latest": {
      "last_modified": "2025-12-02T02:29:13Z",
      "resolved": "github:NixOS/nixpkgs/f720de59066162ee879adcc8c79e15c51fe6bfb4#gettext",
      "source": "devbox-search",
      "version": "0.25.1",
      "systems": {
        "aarch64-darwin": {
          "outputs": [
            {
              "name": "out",
              "path": "/nix/store/69pxcqvnlmdwmd8v2x0nld0iw354nc11-gettext-0.25.1",
              "default": true
            },
            {
              "name": "man",
              "path": "/nix/store/pd2bfkdjgh3p4h99pknnnnchhxlgvav7-gettext-0.25.1-man",
              "default": true
            },
            {
              "name": "doc",
              "path": "/nix/store/p8kqbwabdwwwn9xqi9x33y0i626j503h-gettext-0.25.1-doc"
            },
            {
              "name": "info",
              "path": "/nix/store/jmc8iiaj7w96bhz6ffwaaijvx0djyr51-gettext-0.25.1-info"
            }
          ],
          "store_path": "/nix/store/69pxcqvnlmdwmd8v2x0nld0iw354nc11-gettext-0.25.1"
        },
        "aarch64-linux": {
          "outputs": [
            {
              "name": "out",
              "path": "/nix/store/7d923w3xgdfm6wynzdwjf8w8i8cr0vy2-gettext-0.25.1",
              "default": true
            },
            {
              "name": "man",
              "path": "/nix/store/x5gvanm22kc50k2sdd8j8s2dsh6b2z1w-gettext-0.25.1-man",
              "default": true
            },
            {
              "name": "info",
              "path": "/nix/store/y03rx51lgb6d8jnm9l9f79zjbis4h8sx-gettext-0.25.1-info"
            },
            {
              "name": "doc",
              "path": "/nix/store/bf7293282vk9p4rf2522jsq7ijzwvim8-gettext-0.25.1-doc"
            }
          ],
          "store_path": "/nix/store/7d923w3xgdfm6wynzdwjf8w8i8cr0vy2-gettext-0.25.1"
        },
        "x86_64-darwin": {
          "outputs": [
            {
              "name": "out",
              "path": "/nix/store/21zibrlasg9w62r32mfgmx7cq8cv71jl-gettext-0.25.1",
              "default": true
            },
            {
              "name": "man",
              "path": "/nix/store/9rplmvkq8p6y4x9d8qz0b33zwpdzbs7y-gettext-0.25.1-man",
              "default": true
            },
            {
              "name": "doc",
              "path": "/nix/store/i8ah6bfx1vdbap89zlvafpcdkvc2scsj-gettext-0.25.1-doc"
            },
            {
              "name": "info",
              "path": "/nix/store/v4fh3ki2nms5qjd80b93szj1i8a64c8y-gettext-0.25.1-info"
            }
          ],
          "store_path": "/nix/store/21zibrlasg9w62r32mfgmx7cq8cv71jl-gettext-0.25.1"
        },
        "x86_64-linux": {
          "outputs": [
            {
              "name": "out",
              "path": "/nix/store/kwr2jkqrbf6gsalagrka7gb7yrn71qpi-gettext-0.25.1",
              "default": true
            },
            {
              "name": "man",
              "path": "/nix/store/w53g07jr12ziqldx0bz0hihkfysy938x-gettext-0.25.1-man",
              "default": true
            },
            {
              "name": "doc",
              "path": "/nix/store/lg5av85gyg30lshfzc6dbadd3l6bfp0p-gettext-0.25.1-doc"
            },
            {
              "name": "info",
              "path": "/nix/store/pjsjg2j5y6svy044cwql1kdpfnz5vf8i-gettext-0.25.1-info"
            }
          ],
          "store_path": "/nix/store/kwr2jkqrbf6gsalagrka7gb7yrn71qpi-gettext-0.25.1"
        }
      }
    },
    "github:NixOS/nixpkgs/nixpkgs-unstable": {
      "last_modified": "2025-12-01T17:53:29Z",
      "resolved": "github:NixOS/nixpkgs/8c29968b3a942f2903f90797f9623737c215737c?lastModified=1764611609"
    },
    "go@1.25.5": {
      "last_modified": "2026-01-23T17:20:52Z",
      "resolved": "github:NixOS/nixpkgs/a1bab9e494f5f4939442a57a58d0449a109593fe#go",
      "source": "devbox-search",
      "version": "1.25.5",
      "systems": {
        "aarch64-darwin": {
          "outputs": [
            {
              "name": "out",
              "path": "/nix/store/wh88zz6r1ihcp2mm7ys1f2anp8aga6n2-go-1.25.5",
              "default": true
            }
          ],
          "store_path": "/nix/store/wh88zz6r1ihcp2mm7ys1f2anp8aga6n2-go-1.25.5"
        },
        "aarch64-linux": {
          "outputs": [
            {
              "name": "out",
              "path": "/nix/store/k3knzdi0v21bf2m7vcxpdy1jnqg1h0zk-go-1.25.5",
              "default": true
            }
          ],
          "store_path": "/nix/store/k3knzdi0v21bf2m7vcxpdy1jnqg1h0zk-go-1.25.5"
        },
        "x86_64-darwin": {
          "outputs": [
            {
              "name": "out",
              "path": "/nix/store/bwdahzajhqd5x14dbvkqww5f1wpsxif3-go-1.25.5",
              "default": true
            }
          ],
          "store_path": "/nix/store/bwdahzajhqd5x14dbvkqww5f1wpsxif3-go-1.25.5"
        },
        "x86_64-linux": {
          "outputs": [
            {
              "name": "out",
              "path": "/nix/store/zzvsjgylnphvhms3lgr2qlwdxmc68z66-go-1.25.5",
              "default": true
            }
          ],
          "store_path": "/nix/store/zzvsjgylnphvhms3lgr2qlwdxmc68z66-go-1.25.5"
        }
      }
    },
    "gofumpt@0.9.2": {
      "last_modified": "2025-11-23T21:50:36Z",
      "resolved": "github:NixOS/nixpkgs/ee09932cedcef15aaf476f9343d1dea2cb77e261#gofumpt",
      "source": "devbox-search",
      "version": "0.9.2",
      "systems": {
        "aarch64-darwin": {
          "outputs": [
            {
              "name": "out",
              "path": "/nix/store/dwm21ybal5w5nikyab08ydxzj0bm8mr2-gofumpt-0.9.2",
              "default": true
            }
          ],
          "store_path": "/nix/store/dwm21ybal5w5nikyab08ydxzj0bm8mr2-gofumpt-0.9.2"
        },
        "aarch64-linux": {
          "outputs": [
            {
              "name": "out",
              "path": "/nix/store/5424llc6cff09w8y4dmvxvw0rgjv3xva-gofumpt-0.9.2",
              "default": true
            }
          ],
          "store_path": "/nix/store/5424llc6cff09w8y4dmvxvw0rgjv3xva-gofumpt-0.9.2"
        },
        "x86_64-darwin": {
          "outputs": [
            {
              "name": "out",
              "path": "/nix/store/f0vkbh4clljwgi1fwxfn35gsk5dm0p19-gofumpt-0.9.2",
              "default": true
            }
          ],
          "store_path": "/nix/store/f0vkbh4clljwgi1fwxfn35gsk5dm0p19-gofumpt-0.9.2"
        },
        "x86_64-linux": {
          "outputs": [
            {
              "name": "out",
              "path": "/nix/store/72vdclcx97wfji160mk561b53qj70jpq-gofumpt-0.9.2",
              "default": true
            }
          ],
          "store_path": "/nix/store/72vdclcx97wfji160mk561b53qj70jpq-gofumpt-0.9.2"
        }
      }
    },
    "golangci-lint@2.8.0": {
      "last_modified": "2026-01-23T17:20:52Z",
      "resolved": "github:NixOS/nixpkgs/a1bab9e494f5f4939442a57a58d0449a109593fe#golangci-lint",
      "source": "devbox-search",
      "version": "2.8.0",
      "systems": {
        "aarch64-darwin": {
          "outputs": [
            {
              "name": "out",
              "path": "/nix/store/ci7qq9jsgk0v1f0pzs7kb0v9rk5zwyck-golangci-lint-2.8.0",
              "default": true
            }
          ],
          "store_path": "/nix/store/ci7qq9jsgk0v1f0pzs7kb0v9rk5zwyck-golangci-lint-2.8.0"
        },
        "aarch64-linux": {
          "outputs": [
            {
              "name": "out",
              "path": "/nix/store/ly2sk4i2qj8gfb0l7m5sxvyv7c8rn273-golangci-lint-2.8.0",
              "default": true
            }
          ],
          "store_path": "/nix/store/ly2sk4i2qj8gfb0l7m5sxvyv7c8rn273-golangci-lint-2.8.0"
        },
        "x86_64-darwin": {
          "outputs": [
            {
              "name": "out",
              "path": "/nix/store/r1m8175dhby0agi1r43ic2scrphsjnlb-golangci-lint-2.8.0",
              "default": true
            }
          ],
          "store_path": "/nix/store/r1m8175dhby0agi1r43ic2scrphsjnlb-golangci-lint-2.8.0"
        },
        "x86_64-linux": {
          "outputs": [
            {
              "name": "out",
              "path": "/nix/store/kj9ibnlg1p3macpcw8lm4rhpcwgfjal1-golangci-lint-2.8.0",
              "default": true
            }
          ],
          "store_path": "/nix/store/kj9ibnlg1p3macpcw8lm4rhpcwgfjal1-golangci-lint-2.8.0"
        }
      }
    },
    "golines@0.13.0": {
      "last_modified": "2025-11-23T21:50:36Z",
      "resolved": "github:NixOS/nixpkgs/ee09932cedcef15aaf476f9343d1dea2cb77e261#golines",
      "source": "devbox-search",
      "version": "0.13.0",
      "systems": {
        "aarch64-darwin": {
          "outputs": [
            {
              "name": "out",
              "path": "/nix/store/7fpkw5lzka434i5pdg8pyjd10pif97gn-golines-0.13.0",
              "default": true
            }
          ],
          "store_path": "/nix/store/7fpkw5lzka434i5pdg8pyjd10pif97gn-golines-0.13.0"
        },
        "aarch64-linux": {
          "outputs": [
            {
              "name": "out",
              "path": "/nix/store/fjc66q1r7jsaamjmmsw4bxqxxmq5q6p3-golines-0.13.0",
              "default": true
            }
          ],
          "store_path": "/nix/store/fjc66q1r7jsaamjmmsw4bxqxxmq5q6p3-golines-0.13.0"
        },
        "x86_64-darwin": {
          "outputs": [
            {
              "name": "out",
              "path": "/nix/store/l5045c3pbanvldpjmgh55cacbcknp1d3-golines-0.13.0",
              "default": true
            }
          ],
          "store_path": "/nix/store/l5045c3pbanvldpjmgh55cacbcknp1d3-golines-0.13.0"
        },
        "x86_64-linux": {
          "outputs": [
            {
              "name": "out",
              "path": "/nix/store/n10lgpk9nxkplhzwa6gn2ndc5w6pap5g-golines-0.13.0",
              "default": true
            }
          ],
          "store_path": "/nix/store/n10lgpk9nxkplhzwa6gn2ndc5w6pap5g-golines-0.13.0"
        }
      }
    },
    "gopls@0.21.0": {
      "last_modified": "2026-02-03T17:56:14Z",
      "resolved": "github:NixOS/nixpkgs/41965737c1797c1d83cfb0b644ed0840a6220bd1#gopls",
      "source": "devbox-search",
      "version": "0.21.0",
      "systems": {
        "aarch64-darwin": {
          "outputs": [
            {
              "name": "out",
              "path": "/nix/store/gj2p6j8z5d7cyrfrdvwy5y8f2mdq2bwd-gopls-0.21.0",
              "default": true
            }
          ],
          "store_path": "/nix/store/gj2p6j8z5d7cyrfrdvwy5y8f2mdq2bwd-gopls-0.21.0"
        },
        "aarch64-linux": {
          "outputs": [
            {
              "name": "out",
              "path": "/nix/store/w3w3n24dccb3m9jn2x7vf8xsspxxnddv-gopls-0.21.0",
              "default": true
            }
          ],
          "store_path": "/nix/store/w3w3n24dccb3m9jn2x7vf8xsspxxnddv-gopls-0.21.0"
        },
        "x86_64-darwin": {
          "outputs": [
            {
              "name": "out",
              "path": "/nix/store/a9s8m95jfdy5zd8rv82dpjzh0js0a5hy-gopls-0.21.0",
              "default": true
            }
          ],
          "store_path": "/nix/store/a9s8m95jfdy5zd8rv82dpjzh0js0a5hy-gopls-0.21.0"
        },
        "x86_64-linux": {
          "outputs": [
            {
              "name": "out",
              "path": "/nix/store/m570vp4ikfx2k5r11mkr20r5cg1q9gfm-gopls-0.21.0",
              "default": true
            }
          ],
          "store_path": "/nix/store/m570vp4ikfx2k5r11mkr20r5cg1q9gfm-gopls-0.21.0"
        }
      }
    },
    "gotools@0.34.0": {
      "last_modified": "2025-11-23T21:50:36Z",
      "resolved": "github:NixOS/nixpkgs/ee09932cedcef15aaf476f9343d1dea2cb77e261#gotools",
      "source": "devbox-search",
      "version": "0.34.0",
      "systems": {
        "aarch64-darwin": {
          "outputs": [
            {
              "name": "out",
              "path": "/nix/store/ck8mw7cf9a6bgpy08kaldkl75fgr4prx-gotools-0.34.0",
              "default": true
            }
          ],
          "store_path": "/nix/store/ck8mw7cf9a6bgpy08kaldkl75fgr4prx-gotools-0.34.0"
        },
        "aarch64-linux": {
          "outputs": [
            {
              "name": "out",
              "path": "/nix/store/3wrm0a3drqqh9frj54znj31iga7zlb9c-gotools-0.34.0",
              "default": true
            }
          ],
          "store_path": "/nix/store/3wrm0a3drqqh9frj54znj31iga7zlb9c-gotools-0.34.0"
        },
        "x86_64-darwin": {
          "outputs": [
            {
              "name": "out",
              "path": "/nix/store/q51ykjcspv5kvm7lj9llavixjic7ncdz-gotools-0.34.0",
              "default": true
            }
          ],
          "store_path": "/nix/store/q51ykjcspv5kvm7lj9llavixjic7ncdz-gotools-0.34.0"
        },
        "x86_64-linux": {
          "outputs": [
            {
              "name": "out",
              "path": "/nix/store/p780alfnvfqvn3386xwl1vf0qp9y65wa-gotools-0.34.0",
              "default": true
            }
          ],
          "store_path": "/nix/store/p780alfnvfqvn3386xwl1vf0qp9y65wa-gotools-0.34.0"
        }
      }
    },
    "just-lsp@0.3.2": {
      "last_modified": "2026-01-23T17:20:52Z",
      "resolved": "github:NixOS/nixpkgs/a1bab9e494f5f4939442a57a58d0449a109593fe#just-lsp",
      "source": "devbox-search",
      "version": "0.3.2",
      "systems": {
        "aarch64-darwin": {
          "outputs": [
            {
              "name": "out",
              "path": "/nix/store/9zvnajikdll286dlq4yqq7r6q8v9xsx6-just-lsp-0.3.2",
              "default": true
            }
          ],
          "store_path": "/nix/store/9zvnajikdll286dlq4yqq7r6q8v9xsx6-just-lsp-0.3.2"
        },
        "aarch64-linux": {
          "outputs": [
            {
              "name": "out",
              "path": "/nix/store/ssqz6kchv257lw5cxxxjx8myzyydbmg5-just-lsp-0.3.2",
              "default": true
            }
          ],
          "store_path": "/nix/store/ssqz6kchv257lw5cxxxjx8myzyydbmg5-just-lsp-0.3.2"
        },
        "x86_64-darwin": {
          "outputs": [
            {
              "name": "out",
              "path": "/nix/store/gjvi51alg59b6ygbmyh68irpxambfdiz-just-lsp-0.3.2",
              "default": true
            }
          ],
          "store_path": "/nix/store/gjvi51alg59b6ygbmyh68irpxambfdiz-just-lsp-0.3.2"
        },
        "x86_64-linux": {
          "outputs": [
            {
              "name": "out",
              "path": "/nix/store/pcjfmaxh1m4wqmjbimkk2bdv67v6mwma-just-lsp-0.3.2",
              "default": true
            }
          ],
          "store_path": "/nix/store/pcjfmaxh1m4wqmjbimkk2bdv67v6mwma-just-lsp-0.3.2"
        }
      }
    },
    "just@1.46.0": {
      "last_modified": "2026-01-23T17:20:52Z",
      "resolved": "github:NixOS/nixpkgs/a1bab9e494f5f4939442a57a58d0449a109593fe#just",
      "source": "devbox-search",
      "version": "1.46.0",
      "systems": {
        "aarch64-darwin": {
          "outputs": [
            {
              "name": "out",
              "path": "/nix/store/kms72z6m9ny9xc8jran5xapikqsbhm5q-just-1.46.0",
              "default": true
            },
            {
              "name": "man",
              "path": "/nix/store/faqgfslw33szczc60xvbsddag1vpm6qg-just-1.46.0-man",
              "default": true
            },
            {
              "name": "doc",
              "path": "/nix/store/db99chhg7z1p8x4kqsnf4hna33yab8jd-just-1.46.0-doc"
            }
          ],
          "store_path": "/nix/store/kms72z6m9ny9xc8jran5xapikqsbhm5q-just-1.46.0"
        },
        "aarch64-linux": {
          "outputs": [
            {
              "name": "out",
              "path": "/nix/store/84hs79g4rgwpd8vpvrsnibmfh2qk08fq-just-1.46.0",
              "default": true
            },
            {
              "name": "man",
              "path": "/nix/store/jcrjba1fjd86vdbh8iwj37cbw0ngn26v-just-1.46.0-man",
              "default": true
            },
            {
              "name": "doc",
              "path": "/nix/store/x29kkagia2b2hw20qj0m5r256cvi3fk7-just-1.46.0-doc"
            }
          ],
          "store_path": "/nix/store/84hs79g4rgwpd8vpvrsnibmfh2qk08fq-just-1.46.0"
        },
        "x86_64-darwin": {
          "outputs": [
            {
              "name": "out",
              "path": "/nix/store/dj01bb0rk1czx6wdymfswh4as56xsbkw-just-1.46.0",
              "default": true
            },
            {
              "name": "man",
              "path": "/nix/store/svaa8vdlzdgbm5plfk3bvyawnvkj7x36-just-1.46.0-man",
              "default": true
            },
            {
              "name": "doc",
              "path": "/nix/store/40bl31lv2wy1p7yfafzzh1wip3pc0iga-just-1.46.0-doc"
            }
          ],
          "store_path": "/nix/store/dj01bb0rk1czx6wdymfswh4as56xsbkw-just-1.46.0"
        },
        "x86_64-linux": {
          "outputs": [
            {
              "name": "out",
              "path": "/nix/store/n4g7fjn0b4m0rfjaqw2y4czvz6za1iwr-just-1.46.0",
              "default": true
            },
            {
              "name": "man",
              "path": "/nix/store/7cjc376r94pkwnlcvaqrna8k8q2spvkc-just-1.46.0-man",
              "default": true
            },
            {
              "name": "doc",
              "path": "/nix/store/db447q0xh3xdhaz8b8mc6k02sl2ckgdc-just-1.46.0-doc"
            }
          ],
          "store_path": "/nix/store/n4g7fjn0b4m0rfjaqw2y4czvz6za1iwr-just-1.46.0"
        }
      }
    },
    "ninja@latest": {
      "last_modified": "2025-11-23T21:50:36Z",
      "resolved": "github:NixOS/nixpkgs/ee09932cedcef15aaf476f9343d1dea2cb77e261#ninja",
      "source": "devbox-search",
      "version": "1.13.1",
      "systems": {
        "aarch64-darwin": {
          "outputs": [
            {
              "name": "out",
              "path": "/nix/store/6y79vrqachzns4pgl8r0j04b7g33hl52-ninja-1.13.1",
              "default": true
            }
          ],
          "store_path": "/nix/store/6y79vrqachzns4pgl8r0j04b7g33hl52-ninja-1.13.1"
        },
        "aarch64-linux": {
          "outputs": [
            {
              "name": "out",
              "path": "/nix/store/jpwn5zii6bzpvf9dm4dw7cdvwychpxwz-ninja-1.13.1",
              "default": true
            }
          ],
          "store_path": "/nix/store/jpwn5zii6bzpvf9dm4dw7cdvwychpxwz-ninja-1.13.1"
        },
        "x86_64-darwin": {
          "outputs": [
            {
              "name": "out",
              "path": "/nix/store/82kdfnd09s2npwlsnqzak29nf592czr6-ninja-1.13.1",
              "default": true
            }
          ],
          "store_path": "/nix/store/82kdfnd09s2npwlsnqzak29nf592czr6-ninja-1.13.1"
        },
        "x86_64-linux": {
          "outputs": [
            {
              "name": "out",
              "path": "/nix/store/nib1r4k4cqph7zjjnbfc1d6cbg11qr76-ninja-1.13.1",
              "default": true
            }
          ],
          "store_path": "/nix/store/nib1r4k4cqph7zjjnbfc1d6cbg11qr76-ninja-1.13.1"
        }
      }
    }
  }
}
