{
  "lockfile_version": "1",
  "packages": {
    "cmake@4.1.2": {
      "last_modified": "2025-11-23T21:50:36Z",
      "resolved": "github:NixOS/nixpkgs/ee09932cedcef15aaf476f9343d1dea2cb77e261#cmake",
      "source": "devbox-search",
      "version": "4.1.2",
      "systems": {
        "aarch64-darwin": {
          "outputs": [
            {
              "name": "out",
              "path": "/nix/store/0v5vpvwbl94qv9447jz995i4n9mx4l63-cmake-4.1.2",
              "default": true
            }
          ],
          "store_path": "/nix/store/0v5vpvwbl94qv9447jz995i4n9mx4l63-cmake-4.1.2"
        },
        "aarch64-linux": {
          "outputs": [
            {
              "name": "out",
              "path": "/nix/store/ipjw0mbzcycidbw62gsz47cgivqxm2lv-cmake-4.1.2",
              "default": true
            },
            {
              "name": "debug",
              "path": "/nix/store/4m6l2qb5s7vyirybbn3c5k1rv2dww1vy-cmake-4.1.2-debug"
            }
          ],
          "store_path": "/nix/store/ipjw0mbzcycidbw62gsz47cgivqxm2lv-cmake-4.1.2"
        },
        "x86_64-darwin": {
          "outputs": [
            {
              "name": "out",
              "path": "/nix/store/i7c7r2g0zycvi7wh3rnw1dx3aglbvw2d-cmake-4.1.2",
              "default": true
            }
          ],
          "store_path": "/nix/store/i7c7r2g0zycvi7wh3rnw1dx3aglbvw2d-cmake-4.1.2"
        },
        "x86_64-linux": {
          "outputs": [
            {
              "name": "out",
              "path": "/nix/store/w9jm660dykns6hzrdhxmqfywnc9ail8g-cmake-4.1.2",
              "default": true
            },
            {
              "name": "debug",
              "path": "/nix/store/pnizhra0882ijp3nilvzdzbaa0ayq4hd-cmake-4.1.2-debug"
            }
          ],
          "store_path": "/nix/store/w9jm660dykns6hzrdhxmqfywnc9ail8g-cmake-4.1.2"
        }
      }
    },
    "curl@8.17.0": {
      "last_modified": "2025-12-05T15:03:55Z",
      "resolved": "github:NixOS/nixpkgs/a672be65651c80d3f592a89b3945466584a22069#curl",
      "source": "devbox-search",
      "version": "8.17.0",
      "systems": {
        "aarch64-darwin": {
          "outputs": [
            {
              "name": "bin",
              "path": "/nix/store/qfwqcndy8bji6xww0gizclf2nqi2qpph-curl-8.17.0-bin",
              "default": true
            },
            {
              "name": "man",
              "path": "/nix/store/rk815zvrhwzbi7c6d589v2mhxzyzb400-curl-8.17.0-man",
              "default": true
            },
            {
              "name": "dev",
              "path": "/nix/store/ydp55g2mbd6rk6lfw0krkk3jwgdiqj5d-curl-8.17.0-dev"
            },
            {
              "name": "devdoc",
              "path": "/nix/store/8s884m82fmrbiyz8malglqc4sd632dkc-curl-8.17.0-devdoc"
            },
            {
              "name": "out",
              "path": "/nix/store/yxv8fxaz0fyhc31dv3rz89kc50zw5hgj-curl-8.17.0"
            }
          ],
          "store_path": "/nix/store/qfwqcndy8bji6xww0gizclf2nqi2qpph-curl-8.17.0-bin"
        },
        "aarch64-linux": {
          "outputs": [
            {
              "name": "bin",
              "path": "/nix/store/4x19j6zihdl6pya63xs8g360f2r614sx-curl-8.17.0-bin",
              "default": true
            },
            {
              "name": "man",
              "path": "/nix/store/b29qbmbfvzkm34k0jnj8ykqg2gzj3rdy-curl-8.17.0-man",
              "default": true
            },
            {
              "name": "debug",
              "path": "/nix/store/5hmbdk99knmbg8b0fzh96bv6bkcf6v5i-curl-8.17.0-debug"
            },
            {
              "name": "dev",
              "path": "/nix/store/iqs9mjscns3h5npgkrhgr5xa7qzwd0si-curl-8.17.0-dev"
            },
            {
              "name": "devdoc",
              "path": "/nix/store/1fwncv08c8g78k3hj3cj375vx92ndrp8-curl-8.17.0-devdoc"
            },
            {
              "name": "out",
              "path": "/nix/store/b0a6qc92vybjiggh0kg387cg0zp3kl6j-curl-8.17.0"
            }
          ],
          "store_path": "/nix/store/4x19j6zihdl6pya63xs8g360f2r614sx-curl-8.17.0-bin"
        },
        "x86_64-darwin": {
          "outputs": [
            {
              "name": "bin",
              "path": "/nix/store/w2336wv560g1n58cwashmmczdn3bfkq1-curl-8.17.0-bin",
              "default": true
            },
            {
              "name": "man",
              "path": "/nix/store/i6xmhcan8g4abda7ivv20nvwxrsssjqj-curl-8.17.0-man",
              "default": true
            },
            {
              "name": "devdoc",
              "path": "/nix/store/ipa7v9z7pjcnnv0fmdya1fldcxv0a28z-curl-8.17.0-devdoc"
            },
            {
              "name": "out",
              "path": "/nix/store/x9gyg634fi8mgcyay9mqa1ral7xg72fm-curl-8.17.0"
            },
            {
              "name": "dev",
              "path": "/nix/store/39zfdgq9kg3mb4sycf8pj4pdssrzki6c-curl-8.17.0-dev"
            }
          ],
          "store_path": "/nix/store/w2336wv560g1n58cwashmmczdn3bfkq1-curl-8.17.0-bin"
        },
        "x86_64-linux": {
          "outputs": [
            {
              "name": "bin",
              "path": "/nix/store/0rfz69vp1nl0q2hxzig20hc60sk72z62-curl-8.17.0-bin",
              "default": true
            },
            {
              "name": "man",
              "path": "/nix/store/ijd0yybyzwm98d3q6x7a9cyixgxk0i5d-curl-8.17.0-man",
              "default": true
            },
            {
              "name": "debug",
              "path": "/nix/store/h1fxw0xrifxvbhcp7b8hxsgirxxxfzav-curl-8.17.0-debug"
            },
            {
              "name": "dev",
              "path": "/nix/store/ikmdk37frjdblkba3wl3xws2wwgln17x-curl-8.17.0-dev"
            },
            {
              "name": "devdoc",
              "path": "/nix/store/jm6irg81cc0hqg43l39lkxr6pb0w2xk5-curl-8.17.0-devdoc"
            },
            {
              "name": "out",
              "path": "/nix/store/8idis3j5l13c3x74jl8xly0k4qyk9mx6-curl-8.17.0"
            }
          ],
          "store_path": "/nix/store/0rfz69vp1nl0q2hxzig20hc60sk72z62-curl-8.17.0-bin"
        }
      }
    },
    "gettext@1.0": {
      "last_modified": "2026-06-27T07:37:20Z",
      "resolved": "github:NixOS/nixpkgs/3d46470bb3030020f7e1361f33514854f5bfa86d#gettext",
      "source": "devbox-search",
      "version": "1.0",
      "systems": {
        "aarch64-darwin": {
          "outputs": [
            {
              "name": "out",
              "path": "/nix/store/rdrrlaq086albbwbm0j41nisw5qq82r7-gettext-1.0",
              "default": true
            },
            {
              "name": "man",
              "path": "/nix/store/k9wbfih4mvngrm1sz6nn3s3bipnhsp6v-gettext-1.0-man",
              "default": true
            },
            {
              "name": "doc",
              "path": "/nix/store/v62fqyvyn5g8vy36czay6xchxjwbdgfr-gettext-1.0-doc"
            },
            {
              "name": "info",
              "path": "/nix/store/30cdcnkb91dd20sfjd8k63mrq1f9bn3i-gettext-1.0-info"
            }
          ],
          "store_path": "/nix/store/rdrrlaq086albbwbm0j41nisw5qq82r7-gettext-1.0"
        },
        "aarch64-linux": {
          "outputs": [
            {
              "name": "out",
              "path": "/nix/store/57sxsapsq9ki28si6hy3fq75ryaw0xl3-gettext-1.0",
              "default": true
            },
            {
              "name": "man",
              "path": "/nix/store/lnkh9pzvdrarfy9jlbkhfr55r9qdw079-gettext-1.0-man",
              "default": true
            },
            {
              "name": "doc",
              "path": "/nix/store/r8y92c9sjbrgq34z6hrpw8q6zn2lg2sd-gettext-1.0-doc"
            },
            {
              "name": "info",
              "path": "/nix/store/2l6sqdsfi7j8grrn97gq9xkk0bpa3jy9-gettext-1.0-info"
            }
          ],
          "store_path": "/nix/store/57sxsapsq9ki28si6hy3fq75ryaw0xl3-gettext-1.0"
        },
        "x86_64-darwin": {
          "outputs": [
            {
              "name": "out",
              "path": "/nix/store/9mxzw5vwn99vx2b74ipjzk8x4b784fjy-gettext-1.0",
              "default": true
            },
            {
              "name": "man",
              "path": "/nix/store/r87hlf9pn8q3a8rnplzhy9lbgaadqcr8-gettext-1.0-man",
              "default": true
            },
            {
              "name": "doc",
              "path": "/nix/store/xmssbi5i2w3fv67hrv6c29wdiv8gxywi-gettext-1.0-doc"
            },
            {
              "name": "info",
              "path": "/nix/store/j4lz4zqicd1mw2l5c272ialxhl0nkc0b-gettext-1.0-info"
            }
          ],
          "store_path": "/nix/store/9mxzw5vwn99vx2b74ipjzk8x4b784fjy-gettext-1.0"
        },
        "x86_64-linux": {
          "outputs": [
            {
              "name": "out",
              "path": "/nix/store/mnfvcwhr7nzgljrc4wqcbslkiz7hyb26-gettext-1.0",
              "default": true
            },
            {
              "name": "man",
              "path": "/nix/store/c5zj31hg1575dmzjjl898244m7y5kcvz-gettext-1.0-man",
              "default": true
            },
            {
              "name": "doc",
              "path": "/nix/store/9agr120980xy3284hvlkvz8svp9b9wva-gettext-1.0-doc"
            },
            {
              "name": "info",
              "path": "/nix/store/2vj5wx91ygp5pyr8y04vmfb82pymxi2i-gettext-1.0-info"
            }
          ],
          "store_path": "/nix/store/mnfvcwhr7nzgljrc4wqcbslkiz7hyb26-gettext-1.0"
        }
      }
    },
    "github:NixOS/nixpkgs/nixpkgs-unstable": {
      "last_modified": "2026-06-30T12:14:11Z",
      "resolved": "github:NixOS/nixpkgs/e52c192be9d7b2c4bd4aed326c8731b35f8bb75c?lastModified=1782821651"
    },
    "go@1.26.4": {
      "last_modified": "2026-06-27T07:37:20Z",
      "resolved": "github:NixOS/nixpkgs/3d46470bb3030020f7e1361f33514854f5bfa86d#go",
      "source": "devbox-search",
      "version": "1.26.4",
      "systems": {
        "aarch64-darwin": {
          "outputs": [
            {
              "name": "out",
              "path": "/nix/store/kyai650rrywrzflnwda9mbk2c2j9w68r-go-1.26.4",
              "default": true
            }
          ],
          "store_path": "/nix/store/kyai650rrywrzflnwda9mbk2c2j9w68r-go-1.26.4"
        },
        "aarch64-linux": {
          "outputs": [
            {
              "name": "out",
              "path": "/nix/store/lgcj27hrbanbc93xm9zdrldds7b1jrw8-go-1.26.4",
              "default": true
            }
          ],
          "store_path": "/nix/store/lgcj27hrbanbc93xm9zdrldds7b1jrw8-go-1.26.4"
        },
        "x86_64-darwin": {
          "outputs": [
            {
              "name": "out",
              "path": "/nix/store/h0z6ghmi3cihlbm163d72xs9p9nn04a1-go-1.26.4",
              "default": true
            }
          ],
          "store_path": "/nix/store/h0z6ghmi3cihlbm163d72xs9p9nn04a1-go-1.26.4"
        },
        "x86_64-linux": {
          "outputs": [
            {
              "name": "out",
              "path": "/nix/store/gb0njhqswlc5n127ikgyikvq39r40l6f-go-1.26.4",
              "default": true
            }
          ],
          "store_path": "/nix/store/gb0njhqswlc5n127ikgyikvq39r40l6f-go-1.26.4"
        }
      }
    },
    "gofumpt@0.10.0": {
      "last_modified": "2026-06-27T07:37:20Z",
      "resolved": "github:NixOS/nixpkgs/3d46470bb3030020f7e1361f33514854f5bfa86d#gofumpt",
      "source": "devbox-search",
      "version": "0.10.0",
      "systems": {
        "aarch64-darwin": {
          "outputs": [
            {
              "name": "out",
              "path": "/nix/store/jg59w4mwfzf7mjgv8dxwijal4f30mzwz-gofumpt-0.10.0",
              "default": true
            }
          ],
          "store_path": "/nix/store/jg59w4mwfzf7mjgv8dxwijal4f30mzwz-gofumpt-0.10.0"
        },
        "aarch64-linux": {
          "outputs": [
            {
              "name": "out",
              "path": "/nix/store/fy6p65j59nfjzbwz4899drzkavxydqhj-gofumpt-0.10.0",
              "default": true
            }
          ],
          "store_path": "/nix/store/fy6p65j59nfjzbwz4899drzkavxydqhj-gofumpt-0.10.0"
        },
        "x86_64-darwin": {
          "outputs": [
            {
              "name": "out",
              "path": "/nix/store/gm7fv070sm5xjivk676wg0gy6q87jd2w-gofumpt-0.10.0",
              "default": true
            }
          ],
          "store_path": "/nix/store/gm7fv070sm5xjivk676wg0gy6q87jd2w-gofumpt-0.10.0"
        },
        "x86_64-linux": {
          "outputs": [
            {
              "name": "out",
              "path": "/nix/store/njscsgjf3c410p0ifq6pnba4ack2d6is-gofumpt-0.10.0",
              "default": true
            }
          ],
          "store_path": "/nix/store/njscsgjf3c410p0ifq6pnba4ack2d6is-gofumpt-0.10.0"
        }
      }
    },
    "golangci-lint-langserver@0.0.12": {
      "last_modified": "2026-06-27T07:37:20Z",
      "resolved": "github:NixOS/nixpkgs/3d46470bb3030020f7e1361f33514854f5bfa86d#golangci-lint-langserver",
      "source": "devbox-search",
      "version": "0.0.12",
      "systems": {
        "aarch64-darwin": {
          "outputs": [
            {
              "name": "out",
              "path": "/nix/store/r54qrxd5cc2cbzpyijm3x2wbpsn14y7h-golangci-lint-langserver-0.0.12",
              "default": true
            }
          ],
          "store_path": "/nix/store/r54qrxd5cc2cbzpyijm3x2wbpsn14y7h-golangci-lint-langserver-0.0.12"
        },
        "aarch64-linux": {
          "outputs": [
            {
              "name": "out",
              "path": "/nix/store/p66hdai716cgx3nvrzr7lrf1rlgd33nz-golangci-lint-langserver-0.0.12",
              "default": true
            }
          ],
          "store_path": "/nix/store/p66hdai716cgx3nvrzr7lrf1rlgd33nz-golangci-lint-langserver-0.0.12"
        },
        "x86_64-darwin": {
          "outputs": [
            {
              "name": "out",
              "path": "/nix/store/j685abbfzq3wqldz8kmg7c9fjqxzba1j-golangci-lint-langserver-0.0.12",
              "default": true
            }
          ],
          "store_path": "/nix/store/j685abbfzq3wqldz8kmg7c9fjqxzba1j-golangci-lint-langserver-0.0.12"
        },
        "x86_64-linux": {
          "outputs": [
            {
              "name": "out",
              "path": "/nix/store/xi6x7i8j8w7cdhdjilmx4lfdyr8193zn-golangci-lint-langserver-0.0.12",
              "default": true
            }
          ],
          "store_path": "/nix/store/xi6x7i8j8w7cdhdjilmx4lfdyr8193zn-golangci-lint-langserver-0.0.12"
        }
      }
    },
    "golangci-lint@2.12.2": {
      "last_modified": "2026-06-27T07:37:20Z",
      "resolved": "github:NixOS/nixpkgs/3d46470bb3030020f7e1361f33514854f5bfa86d#golangci-lint",
      "source": "devbox-search",
      "version": "2.12.2",
      "systems": {
        "aarch64-darwin": {
          "outputs": [
            {
              "name": "out",
              "path": "/nix/store/q0mwmg8zin7aw87bllirja1bq58mphh6-golangci-lint-2.12.2",
              "default": true
            }
          ],
          "store_path": "/nix/store/q0mwmg8zin7aw87bllirja1bq58mphh6-golangci-lint-2.12.2"
        },
        "aarch64-linux": {
          "outputs": [
            {
              "name": "out",
              "path": "/nix/store/i6f2vzix80whq7z1z1pklzflxk5nbkwd-golangci-lint-2.12.2",
              "default": true
            }
          ],
          "store_path": "/nix/store/i6f2vzix80whq7z1z1pklzflxk5nbkwd-golangci-lint-2.12.2"
        },
        "x86_64-darwin": {
          "outputs": [
            {
              "name": "out",
              "path": "/nix/store/w8c3i6vmxnnj0xixvjsa9lva3rcd2rvs-golangci-lint-2.12.2",
              "default": true
            }
          ],
          "store_path": "/nix/store/w8c3i6vmxnnj0xixvjsa9lva3rcd2rvs-golangci-lint-2.12.2"
        },
        "x86_64-linux": {
          "outputs": [
            {
              "name": "out",
              "path": "/nix/store/1r5xmhis3iq5cn3wfq2jn62yiwsb97sc-golangci-lint-2.12.2",
              "default": true
            }
          ],
          "store_path": "/nix/store/1r5xmhis3iq5cn3wfq2jn62yiwsb97sc-golangci-lint-2.12.2"
        }
      }
    },
    "golines@0.15.0": {
      "last_modified": "2026-06-27T07:37:20Z",
      "resolved": "github:NixOS/nixpkgs/3d46470bb3030020f7e1361f33514854f5bfa86d#golines",
      "source": "devbox-search",
      "version": "0.15.0",
      "systems": {
        "aarch64-darwin": {
          "outputs": [
            {
              "name": "out",
              "path": "/nix/store/06mlc6kxs64avi210cy4cp3lb92391r6-golines-0.15.0",
              "default": true
            }
          ],
          "store_path": "/nix/store/06mlc6kxs64avi210cy4cp3lb92391r6-golines-0.15.0"
        },
        "aarch64-linux": {
          "outputs": [
            {
              "name": "out",
              "path": "/nix/store/dn1n46fcr4way1qnndrndw96i5xzwca3-golines-0.15.0",
              "default": true
            }
          ],
          "store_path": "/nix/store/dn1n46fcr4way1qnndrndw96i5xzwca3-golines-0.15.0"
        },
        "x86_64-darwin": {
          "outputs": [
            {
              "name": "out",
              "path": "/nix/store/amrhvwzbyc0gn3g4fld50ym3j87gry7l-golines-0.15.0",
              "default": true
            }
          ],
          "store_path": "/nix/store/amrhvwzbyc0gn3g4fld50ym3j87gry7l-golines-0.15.0"
        },
        "x86_64-linux": {
          "outputs": [
            {
              "name": "out",
              "path": "/nix/store/rfhjq02y19zbhmqgsfvvszrrd57m7i00-golines-0.15.0",
              "default": true
            }
          ],
          "store_path": "/nix/store/rfhjq02y19zbhmqgsfvvszrrd57m7i00-golines-0.15.0"
        }
      }
    },
    "gopls@0.22.0": {
      "last_modified": "2026-06-27T07:37:20Z",
      "resolved": "github:NixOS/nixpkgs/3d46470bb3030020f7e1361f33514854f5bfa86d#gopls",
      "source": "devbox-search",
      "version": "0.22.0",
      "systems": {
        "aarch64-darwin": {
          "outputs": [
            {
              "name": "out",
              "path": "/nix/store/arv7k4nzcm19y615n1za89npjwcw4g2s-gopls-0.22.0",
              "default": true
            }
          ],
          "store_path": "/nix/store/arv7k4nzcm19y615n1za89npjwcw4g2s-gopls-0.22.0"
        },
        "aarch64-linux": {
          "outputs": [
            {
              "name": "out",
              "path": "/nix/store/w9hyh9fphlz401rhmv91sva94cpicy8q-gopls-0.22.0",
              "default": true
            }
          ],
          "store_path": "/nix/store/w9hyh9fphlz401rhmv91sva94cpicy8q-gopls-0.22.0"
        },
        "x86_64-darwin": {
          "outputs": [
            {
              "name": "out",
              "path": "/nix/store/6z8644fchcyp265bdfav43f0j99vagfd-gopls-0.22.0",
              "default": true
            }
          ],
          "store_path": "/nix/store/6z8644fchcyp265bdfav43f0j99vagfd-gopls-0.22.0"
        },
        "x86_64-linux": {
          "outputs": [
            {
              "name": "out",
              "path": "/nix/store/9p7k1w1dj1qzm6rmpb8apw4qq27mlqww-gopls-0.22.0",
              "default": true
            }
          ],
          "store_path": "/nix/store/9p7k1w1dj1qzm6rmpb8apw4qq27mlqww-gopls-0.22.0"
        }
      }
    },
    "gotools@0.44.0": {
      "last_modified": "2026-06-27T07:37:20Z",
      "resolved": "github:NixOS/nixpkgs/3d46470bb3030020f7e1361f33514854f5bfa86d#gotools",
      "source": "devbox-search",
      "version": "0.44.0",
      "systems": {
        "aarch64-darwin": {
          "outputs": [
            {
              "name": "out",
              "path": "/nix/store/fh2ikzz3iwlm78r9d12chh7zml4szr1x-gotools-0.44.0",
              "default": true
            }
          ],
          "store_path": "/nix/store/fh2ikzz3iwlm78r9d12chh7zml4szr1x-gotools-0.44.0"
        },
        "aarch64-linux": {
          "outputs": [
            {
              "name": "out",
              "path": "/nix/store/wpfrss2sa04yabkc598qprhpja37jqaz-gotools-0.44.0",
              "default": true
            }
          ],
          "store_path": "/nix/store/wpfrss2sa04yabkc598qprhpja37jqaz-gotools-0.44.0"
        },
        "x86_64-darwin": {
          "outputs": [
            {
              "name": "out",
              "path": "/nix/store/c0gg0pzxcbscxlr07n0idnrkc2mzx7i3-gotools-0.44.0",
              "default": true
            }
          ],
          "store_path": "/nix/store/c0gg0pzxcbscxlr07n0idnrkc2mzx7i3-gotools-0.44.0"
        },
        "x86_64-linux": {
          "outputs": [
            {
              "name": "out",
              "path": "/nix/store/8nd8gnnyll5y584wf9lapk847w53ma03-gotools-0.44.0",
              "default": true
            }
          ],
          "store_path": "/nix/store/8nd8gnnyll5y584wf9lapk847w53ma03-gotools-0.44.0"
        }
      }
    },
    "just-lsp@0.4.7": {
      "last_modified": "2026-06-27T07:37:20Z",
      "resolved": "github:NixOS/nixpkgs/3d46470bb3030020f7e1361f33514854f5bfa86d#just-lsp",
      "source": "devbox-search",
      "version": "0.4.7",
      "systems": {
        "aarch64-darwin": {
          "outputs": [
            {
              "name": "out",
              "path": "/nix/store/4ynkgpk4fwypi6vl0lcz3za1h33q43dx-just-lsp-0.4.7",
              "default": true
            }
          ],
          "store_path": "/nix/store/4ynkgpk4fwypi6vl0lcz3za1h33q43dx-just-lsp-0.4.7"
        },
        "aarch64-linux": {
          "outputs": [
            {
              "name": "out",
              "path": "/nix/store/c2h9r59g3h89hdjf2pvbxnphf76ixmjf-just-lsp-0.4.7",
              "default": true
            }
          ],
          "store_path": "/nix/store/c2h9r59g3h89hdjf2pvbxnphf76ixmjf-just-lsp-0.4.7"
        },
        "x86_64-darwin": {
          "outputs": [
            {
              "name": "out",
              "path": "/nix/store/ndv9gg74bncr4ivahprvg22x6y0ijiqc-just-lsp-0.4.7",
              "default": true
            }
          ],
          "store_path": "/nix/store/ndv9gg74bncr4ivahprvg22x6y0ijiqc-just-lsp-0.4.7"
        },
        "x86_64-linux": {
          "outputs": [
            {
              "name": "out",
              "path": "/nix/store/f5658yf42dd72mqjq0ikpg1jlhpvhld3-just-lsp-0.4.7",
              "default": true
            }
          ],
          "store_path": "/nix/store/f5658yf42dd72mqjq0ikpg1jlhpvhld3-just-lsp-0.4.7"
        }
      }
    },
    "just@1.53.0": {
      "last_modified": "2026-06-22T09:00:13Z",
      "resolved": "github:NixOS/nixpkgs/b3c092d3c36d91e2f61f3dfb39a159f180a56659#just",
      "source": "devbox-search",
      "version": "1.53.0",
      "systems": {
        "aarch64-darwin": {
          "outputs": [
            {
              "name": "out",
              "path": "/nix/store/qzcfi3lhaln1gfbfp0m455lg3b253k73-just-1.53.0",
              "default": true
            },
            {
              "name": "man",
              "path": "/nix/store/3s9jx5zqmxkq06v1jmvx7afgm4c30v7b-just-1.53.0-man",
              "default": true
            },
            {
              "name": "doc",
              "path": "/nix/store/3y6gm7gdb1d4bds2i84hcsafm67gak89-just-1.53.0-doc"
            }
          ],
          "store_path": "/nix/store/qzcfi3lhaln1gfbfp0m455lg3b253k73-just-1.53.0"
        },
        "aarch64-linux": {
          "outputs": [
            {
              "name": "out",
              "path": "/nix/store/11vqnmg20rfj2l3rcdxfxdiimlh3429q-just-1.53.0",
              "default": true
            },
            {
              "name": "man",
              "path": "/nix/store/85lach9maydzka3v9gnnxd154l6c0g1f-just-1.53.0-man",
              "default": true
            },
            {
              "name": "doc",
              "path": "/nix/store/j3n0wnfnnppwvis73c07mfajg1wbhlf9-just-1.53.0-doc"
            }
          ],
          "store_path": "/nix/store/11vqnmg20rfj2l3rcdxfxdiimlh3429q-just-1.53.0"
        },
        "x86_64-darwin": {
          "outputs": [
            {
              "name": "out",
              "path": "/nix/store/2dgihfc7c755qdganrmg3ny8yslk7180-just-1.53.0",
              "default": true
            },
            {
              "name": "man",
              "path": "/nix/store/pffpwj8ciyip83hly3kjvv64w2x97x28-just-1.53.0-man",
              "default": true
            },
            {
              "name": "doc",
              "path": "/nix/store/k2z6y62d2k2g1m13fwbg7cmqd6bbxiyw-just-1.53.0-doc"
            }
          ],
          "store_path": "/nix/store/2dgihfc7c755qdganrmg3ny8yslk7180-just-1.53.0"
        },
        "x86_64-linux": {
          "outputs": [
            {
              "name": "out",
              "path": "/nix/store/ajycqj9hm5316j7rys0al2kbmyv24yzd-just-1.53.0",
              "default": true
            },
            {
              "name": "man",
              "path": "/nix/store/7x8chhvwdpsyxlz48b4by03rzqli9yag-just-1.53.0-man",
              "default": true
            },
            {
              "name": "doc",
              "path": "/nix/store/017cyxc2jx2bmsvsm4j53dz3awaaq5id-just-1.53.0-doc"
            }
          ],
          "store_path": "/nix/store/ajycqj9hm5316j7rys0al2kbmyv24yzd-just-1.53.0"
        }
      }
    },
    "ninja@1.13.1": {
      "last_modified": "2025-11-23T21:50:36Z",
      "resolved": "github:NixOS/nixpkgs/ee09932cedcef15aaf476f9343d1dea2cb77e261#ninja",
      "source": "devbox-search",
      "version": "1.13.1",
      "systems": {
        "aarch64-darwin": {
          "outputs": [
            {
              "name": "out",
              "path": "/nix/store/6y79vrqachzns4pgl8r0j04b7g33hl52-ninja-1.13.1",
              "default": true
            }
          ],
          "store_path": "/nix/store/6y79vrqachzns4pgl8r0j04b7g33hl52-ninja-1.13.1"
        },
        "aarch64-linux": {
          "outputs": [
            {
              "name": "out",
              "path": "/nix/store/jpwn5zii6bzpvf9dm4dw7cdvwychpxwz-ninja-1.13.1",
              "default": true
            }
          ],
          "store_path": "/nix/store/jpwn5zii6bzpvf9dm4dw7cdvwychpxwz-ninja-1.13.1"
        },
        "x86_64-darwin": {
          "outputs": [
            {
              "name": "out",
              "path": "/nix/store/82kdfnd09s2npwlsnqzak29nf592czr6-ninja-1.13.1",
              "default": true
            }
          ],
          "store_path": "/nix/store/82kdfnd09s2npwlsnqzak29nf592czr6-ninja-1.13.1"
        },
        "x86_64-linux": {
          "outputs": [
            {
              "name": "out",
              "path": "/nix/store/nib1r4k4cqph7zjjnbfc1d6cbg11qr76-ninja-1.13.1",
              "default": true
            }
          ],
          "store_path": "/nix/store/nib1r4k4cqph7zjjnbfc1d6cbg11qr76-ninja-1.13.1"
        }
      }
    },
    "nixd@2.9.1": {
      "last_modified": "2026-06-27T07:37:20Z",
      "resolved": "github:NixOS/nixpkgs/3d46470bb3030020f7e1361f33514854f5bfa86d#nixd",
      "source": "devbox-search",
      "version": "2.9.1",
      "systems": {
        "aarch64-darwin": {
          "outputs": [
            {
              "name": "out",
              "path": "/nix/store/dl6dkhb4md66s122xzb6qwp1db249v4c-nixd-2.9.1",
              "default": true
            }
          ],
          "store_path": "/nix/store/dl6dkhb4md66s122xzb6qwp1db249v4c-nixd-2.9.1"
        },
        "aarch64-linux": {
          "outputs": [
            {
              "name": "out",
              "path": "/nix/store/9w5l7637zf87v7388hsfzp8lyc701hnw-nixd-2.9.1",
              "default": true
            }
          ],
          "store_path": "/nix/store/9w5l7637zf87v7388hsfzp8lyc701hnw-nixd-2.9.1"
        },
        "x86_64-darwin": {
          "outputs": [
            {
              "name": "out",
              "path": "/nix/store/gmp3fq0jmmmiwiq8sp989cx572qhsm3w-nixd-2.9.1",
              "default": true
            }
          ],
          "store_path": "/nix/store/gmp3fq0jmmmiwiq8sp989cx572qhsm3w-nixd-2.9.1"
        },
        "x86_64-linux": {
          "outputs": [
            {
              "name": "out",
              "path": "/nix/store/w3n8ij71zax4smb9c1aib5m89gip7hzs-nixd-2.9.1",
              "default": true
            }
          ],
          "store_path": "/nix/store/w3n8ij71zax4smb9c1aib5m89gip7hzs-nixd-2.9.1"
        }
      }
    },
    "nixfmt@1.3.1": {
      "last_modified": "2026-06-27T07:37:20Z",
      "resolved": "github:NixOS/nixpkgs/3d46470bb3030020f7e1361f33514854f5bfa86d#nixfmt",
      "source": "devbox-search",
      "version": "1.3.1",
      "systems": {
        "aarch64-darwin": {
          "outputs": [
            {
              "name": "out",
              "path": "/nix/store/8qrkgg3a2bk28frgrckh4w9zb5bhnznb-nixfmt-1.3.1",
              "default": true
            }
          ],
          "store_path": "/nix/store/8qrkgg3a2bk28frgrckh4w9zb5bhnznb-nixfmt-1.3.1"
        },
        "aarch64-linux": {
          "outputs": [
            {
              "name": "out",
              "path": "/nix/store/8lzs5mf3zfpjgjrk2gs20875h9zfymjf-nixfmt-1.3.1",
              "default": true
            }
          ],
          "store_path": "/nix/store/8lzs5mf3zfpjgjrk2gs20875h9zfymjf-nixfmt-1.3.1"
        },
        "x86_64-darwin": {
          "outputs": [
            {
              "name": "out",
              "path": "/nix/store/j9nz1zjps3azx4cggfhjvy4cbb7lhwlg-nixfmt-1.3.1",
              "default": true
            }
          ],
          "store_path": "/nix/store/j9nz1zjps3azx4cggfhjvy4cbb7lhwlg-nixfmt-1.3.1"
        },
        "x86_64-linux": {
          "outputs": [
            {
              "name": "out",
              "path": "/nix/store/mhi45zliliv6qhvhb8g5sycy3jpv47rf-nixfmt-1.3.1",
              "default": true
            }
          ],
          "store_path": "/nix/store/mhi45zliliv6qhvhb8g5sycy3jpv47rf-nixfmt-1.3.1"
        }
      }
    }
  }
}
