{
  "lockfile_version": "1",
  "packages": {
    "cmake@4.1.2": {
      "last_modified": "2025-11-23T21:50:36Z",
      "resolved": "github:NixOS/nixpkgs/ee09932cedcef15aaf476f9343d1dea2cb77e261#cmake",
      "source": "devbox-search",
      "version": "4.1.2",
      "systems": {
        "aarch64-darwin": {
          "outputs": [
            {
              "name": "out",
              "path": "/nix/store/0v5vpvwbl94qv9447jz995i4n9mx4l63-cmake-4.1.2",
              "default": true
            }
          ],
          "store_path": "/nix/store/0v5vpvwbl94qv9447jz995i4n9mx4l63-cmake-4.1.2"
        },
        "aarch64-linux": {
          "outputs": [
            {
              "name": "out",
              "path": "/nix/store/ipjw0mbzcycidbw62gsz47cgivqxm2lv-cmake-4.1.2",
              "default": true
            },
            {
              "name": "debug",
              "path": "/nix/store/4m6l2qb5s7vyirybbn3c5k1rv2dww1vy-cmake-4.1.2-debug"
            }
          ],
          "store_path": "/nix/store/ipjw0mbzcycidbw62gsz47cgivqxm2lv-cmake-4.1.2"
        },
        "x86_64-darwin": {
          "outputs": [
            {
              "name": "out",
              "path": "/nix/store/i7c7r2g0zycvi7wh3rnw1dx3aglbvw2d-cmake-4.1.2",
              "default": true
            }
          ],
          "store_path": "/nix/store/i7c7r2g0zycvi7wh3rnw1dx3aglbvw2d-cmake-4.1.2"
        },
        "x86_64-linux": {
          "outputs": [
            {
              "name": "out",
              "path": "/nix/store/w9jm660dykns6hzrdhxmqfywnc9ail8g-cmake-4.1.2",
              "default": true
            },
            {
              "name": "debug",
              "path": "/nix/store/pnizhra0882ijp3nilvzdzbaa0ayq4hd-cmake-4.1.2-debug"
            }
          ],
          "store_path": "/nix/store/w9jm660dykns6hzrdhxmqfywnc9ail8g-cmake-4.1.2"
        }
      }
    },
    "curl@8.17.0": {
      "last_modified": "2025-12-05T15:03:55Z",
      "resolved": "github:NixOS/nixpkgs/a672be65651c80d3f592a89b3945466584a22069#curl",
      "source": "devbox-search",
      "version": "8.17.0",
      "systems": {
        "aarch64-darwin": {
          "outputs": [
            {
              "name": "bin",
              "path": "/nix/store/qfwqcndy8bji6xww0gizclf2nqi2qpph-curl-8.17.0-bin",
              "default": true
            },
            {
              "name": "man",
              "path": "/nix/store/rk815zvrhwzbi7c6d589v2mhxzyzb400-curl-8.17.0-man",
              "default": true
            },
            {
              "name": "dev",
              "path": "/nix/store/ydp55g2mbd6rk6lfw0krkk3jwgdiqj5d-curl-8.17.0-dev"
            },
            {
              "name": "devdoc",
              "path": "/nix/store/8s884m82fmrbiyz8malglqc4sd632dkc-curl-8.17.0-devdoc"
            },
            {
              "name": "out",
              "path": "/nix/store/yxv8fxaz0fyhc31dv3rz89kc50zw5hgj-curl-8.17.0"
            }
          ],
          "store_path": "/nix/store/qfwqcndy8bji6xww0gizclf2nqi2qpph-curl-8.17.0-bin"
        },
        "aarch64-linux": {
          "outputs": [
            {
              "name": "bin",
              "path": "/nix/store/4x19j6zihdl6pya63xs8g360f2r614sx-curl-8.17.0-bin",
              "default": true
            },
            {
              "name": "man",
              "path": "/nix/store/b29qbmbfvzkm34k0jnj8ykqg2gzj3rdy-curl-8.17.0-man",
              "default": true
            },
            {
              "name": "debug",
              "path": "/nix/store/5hmbdk99knmbg8b0fzh96bv6bkcf6v5i-curl-8.17.0-debug"
            },
            {
              "name": "dev",
              "path": "/nix/store/iqs9mjscns3h5npgkrhgr5xa7qzwd0si-curl-8.17.0-dev"
            },
            {
              "name": "devdoc",
              "path": "/nix/store/1fwncv08c8g78k3hj3cj375vx92ndrp8-curl-8.17.0-devdoc"
            },
            {
              "name": "out",
              "path": "/nix/store/b0a6qc92vybjiggh0kg387cg0zp3kl6j-curl-8.17.0"
            }
          ],
          "store_path": "/nix/store/4x19j6zihdl6pya63xs8g360f2r614sx-curl-8.17.0-bin"
        },
        "x86_64-darwin": {
          "outputs": [
            {
              "name": "bin",
              "path": "/nix/store/w2336wv560g1n58cwashmmczdn3bfkq1-curl-8.17.0-bin",
              "default": true
            },
            {
              "name": "man",
              "path": "/nix/store/i6xmhcan8g4abda7ivv20nvwxrsssjqj-curl-8.17.0-man",
              "default": true
            },
            {
              "name": "devdoc",
              "path": "/nix/store/ipa7v9z7pjcnnv0fmdya1fldcxv0a28z-curl-8.17.0-devdoc"
            },
            {
              "name": "out",
              "path": "/nix/store/x9gyg634fi8mgcyay9mqa1ral7xg72fm-curl-8.17.0"
            },
            {
              "name": "dev",
              "path": "/nix/store/39zfdgq9kg3mb4sycf8pj4pdssrzki6c-curl-8.17.0-dev"
            }
          ],
          "store_path": "/nix/store/w2336wv560g1n58cwashmmczdn3bfkq1-curl-8.17.0-bin"
        },
        "x86_64-linux": {
          "outputs": [
            {
              "name": "bin",
              "path": "/nix/store/0rfz69vp1nl0q2hxzig20hc60sk72z62-curl-8.17.0-bin",
              "default": true
            },
            {
              "name": "man",
              "path": "/nix/store/ijd0yybyzwm98d3q6x7a9cyixgxk0i5d-curl-8.17.0-man",
              "default": true
            },
            {
              "name": "debug",
              "path": "/nix/store/h1fxw0xrifxvbhcp7b8hxsgirxxxfzav-curl-8.17.0-debug"
            },
            {
              "name": "dev",
              "path": "/nix/store/ikmdk37frjdblkba3wl3xws2wwgln17x-curl-8.17.0-dev"
            },
            {
              "name": "devdoc",
              "path": "/nix/store/jm6irg81cc0hqg43l39lkxr6pb0w2xk5-curl-8.17.0-devdoc"
            },
            {
              "name": "out",
              "path": "/nix/store/8idis3j5l13c3x74jl8xly0k4qyk9mx6-curl-8.17.0"
            }
          ],
          "store_path": "/nix/store/0rfz69vp1nl0q2hxzig20hc60sk72z62-curl-8.17.0-bin"
        }
      }
    },
    "gettext@0.25.1": {
      "last_modified": "2026-02-06T12:24:04Z",
      "resolved": "github:NixOS/nixpkgs/ae67888ff7ef9dff69b3cf0cc0fbfbcd3a722abe#gettext",
      "source": "devbox-search",
      "version": "0.25.1",
      "systems": {
        "aarch64-darwin": {
          "outputs": [
            {
              "name": "out",
              "path": "/nix/store/xg49w6cvjihlcrf3sj6qpcmzhyf8vjfj-gettext-0.25.1",
              "default": true
            },
            {
              "name": "man",
              "path": "/nix/store/2mbra0868s6s7cl7fb2plc3zi8i254q7-gettext-0.25.1-man",
              "default": true
            },
            {
              "name": "doc",
              "path": "/nix/store/f7fp2zv5giysm12hn2mq00c72wzndmm4-gettext-0.25.1-doc"
            },
            {
              "name": "info",
              "path": "/nix/store/c4ds64rmr966v3vw8jfkrdlq18g2qa8q-gettext-0.25.1-info"
            }
          ],
          "store_path": "/nix/store/xg49w6cvjihlcrf3sj6qpcmzhyf8vjfj-gettext-0.25.1"
        },
        "aarch64-linux": {
          "outputs": [
            {
              "name": "out",
              "path": "/nix/store/a6sdsa1n6l44fb1nghajd7nyhr1q0h1l-gettext-0.25.1",
              "default": true
            },
            {
              "name": "man",
              "path": "/nix/store/h8q48f0327h3kflr8li0lcyi007q1904-gettext-0.25.1-man",
              "default": true
            },
            {
              "name": "doc",
              "path": "/nix/store/ksy3gz9vqda66krskbsj0h1dmizjg9dj-gettext-0.25.1-doc"
            },
            {
              "name": "info",
              "path": "/nix/store/kxpi2jkl91001nqvw3jj9ldd34bziana-gettext-0.25.1-info"
            }
          ],
          "store_path": "/nix/store/a6sdsa1n6l44fb1nghajd7nyhr1q0h1l-gettext-0.25.1"
        },
        "x86_64-darwin": {
          "outputs": [
            {
              "name": "out",
              "path": "/nix/store/p32d6qfmfc9f9rnvm79r4j4xwi5vcwgs-gettext-0.25.1",
              "default": true
            },
            {
              "name": "man",
              "path": "/nix/store/2v1rw62h3wq4ha0rvspb66vz0x9cfwa7-gettext-0.25.1-man",
              "default": true
            },
            {
              "name": "info",
              "path": "/nix/store/169jj31sbaicf9lm9q2bm29vg68hwrvm-gettext-0.25.1-info"
            },
            {
              "name": "doc",
              "path": "/nix/store/8ahmwn8ldxk35k5af0zhy517826v3770-gettext-0.25.1-doc"
            }
          ],
          "store_path": "/nix/store/p32d6qfmfc9f9rnvm79r4j4xwi5vcwgs-gettext-0.25.1"
        },
        "x86_64-linux": {
          "outputs": [
            {
              "name": "out",
              "path": "/nix/store/ykz6g9bnl3kka132wiw355rzk0bibdqn-gettext-0.25.1",
              "default": true
            },
            {
              "name": "man",
              "path": "/nix/store/hs6913rgl0i07dsf3l8hscd04813i9k2-gettext-0.25.1-man",
              "default": true
            },
            {
              "name": "info",
              "path": "/nix/store/lazr50097y6g57vk3gvb6h281f7kv760-gettext-0.25.1-info"
            },
            {
              "name": "doc",
              "path": "/nix/store/54hidjjwjz44c4xmvg48kx2ar5c5p91s-gettext-0.25.1-doc"
            }
          ],
          "store_path": "/nix/store/ykz6g9bnl3kka132wiw355rzk0bibdqn-gettext-0.25.1"
        }
      }
    },
    "github:NixOS/nixpkgs/nixpkgs-unstable": {
      "last_modified": "2026-06-13T05:27:44Z",
      "resolved": "github:NixOS/nixpkgs/5a722a7155bfc9fbe657f28d26b71860d95324bc?lastModified=1781328464"
    },
    "go@1.26.0": {
      "last_modified": "2026-02-23T15:40:43Z",
      "resolved": "github:NixOS/nixpkgs/80d901ec0377e19ac3f7bb8c035201e2e098cc97#go_1_26",
      "source": "devbox-search",
      "version": "1.26.0",
      "systems": {
        "aarch64-darwin": {
          "outputs": [
            {
              "name": "out",
              "path": "/nix/store/5ajixjk279m40yf6x96xxlnvw1wg6hq3-go-1.26.0",
              "default": true
            }
          ],
          "store_path": "/nix/store/5ajixjk279m40yf6x96xxlnvw1wg6hq3-go-1.26.0"
        },
        "aarch64-linux": {
          "outputs": [
            {
              "name": "out",
              "path": "/nix/store/b0ncnyjis5pfzm86pb0y3klgdw2gwyww-go-1.26.0",
              "default": true
            }
          ],
          "store_path": "/nix/store/b0ncnyjis5pfzm86pb0y3klgdw2gwyww-go-1.26.0"
        },
        "x86_64-darwin": {
          "outputs": [
            {
              "name": "out",
              "path": "/nix/store/kpr6dqdjixi0b1wh7phisqmzkxjw7ln7-go-1.26.0",
              "default": true
            }
          ],
          "store_path": "/nix/store/kpr6dqdjixi0b1wh7phisqmzkxjw7ln7-go-1.26.0"
        },
        "x86_64-linux": {
          "outputs": [
            {
              "name": "out",
              "path": "/nix/store/s9dwyyi8mk76wslsm6jl50ky9hd11pv3-go-1.26.0",
              "default": true
            }
          ],
          "store_path": "/nix/store/s9dwyyi8mk76wslsm6jl50ky9hd11pv3-go-1.26.0"
        }
      }
    },
    "gofumpt@0.9.2": {
      "last_modified": "2026-04-23T13:07:47Z",
      "resolved": "github:NixOS/nixpkgs/01fbdeef22b76df85ea168fbfe1bfd9e63681b30#gofumpt",
      "source": "devbox-search",
      "version": "0.9.2",
      "systems": {
        "aarch64-darwin": {
          "outputs": [
            {
              "name": "out",
              "path": "/nix/store/l14qdk8zwwclcahj8kmaxz83zi2pq4ni-gofumpt-0.9.2",
              "default": true
            }
          ],
          "store_path": "/nix/store/l14qdk8zwwclcahj8kmaxz83zi2pq4ni-gofumpt-0.9.2"
        },
        "aarch64-linux": {
          "outputs": [
            {
              "name": "out",
              "path": "/nix/store/jppnyvxi8pfizbva3ppwq1cl01nrq3j5-gofumpt-0.9.2",
              "default": true
            }
          ],
          "store_path": "/nix/store/jppnyvxi8pfizbva3ppwq1cl01nrq3j5-gofumpt-0.9.2"
        },
        "x86_64-darwin": {
          "outputs": [
            {
              "name": "out",
              "path": "/nix/store/nmf9y2ccrkfsnnzi2wsnsxfhr70di636-gofumpt-0.9.2",
              "default": true
            }
          ],
          "store_path": "/nix/store/nmf9y2ccrkfsnnzi2wsnsxfhr70di636-gofumpt-0.9.2"
        },
        "x86_64-linux": {
          "outputs": [
            {
              "name": "out",
              "path": "/nix/store/39ya38gz7afyf95smllag97vmq7l9k2q-gofumpt-0.9.2",
              "default": true
            }
          ],
          "store_path": "/nix/store/39ya38gz7afyf95smllag97vmq7l9k2q-gofumpt-0.9.2"
        }
      }
    },
    "golangci-lint@2.9.0": {
      "last_modified": "2026-02-11T21:01:36Z",
      "resolved": "github:NixOS/nixpkgs/2343bbb58f99267223bc2aac4fc9ea301a155a16#golangci-lint",
      "source": "devbox-search",
      "version": "2.9.0",
      "systems": {
        "aarch64-darwin": {
          "outputs": [
            {
              "name": "out",
              "path": "/nix/store/d58cy4knp90177kgyjw76qlgxwrmz39r-golangci-lint-2.9.0",
              "default": true
            }
          ],
          "store_path": "/nix/store/d58cy4knp90177kgyjw76qlgxwrmz39r-golangci-lint-2.9.0"
        },
        "aarch64-linux": {
          "outputs": [
            {
              "name": "out",
              "path": "/nix/store/0pmkfq41ay1hdz64lkvfqxyfd41ir1k6-golangci-lint-2.9.0",
              "default": true
            }
          ],
          "store_path": "/nix/store/0pmkfq41ay1hdz64lkvfqxyfd41ir1k6-golangci-lint-2.9.0"
        },
        "x86_64-darwin": {
          "outputs": [
            {
              "name": "out",
              "path": "/nix/store/c2aa1drrmj4ahhcg87nm2arlh9gv4s5y-golangci-lint-2.9.0",
              "default": true
            }
          ],
          "store_path": "/nix/store/c2aa1drrmj4ahhcg87nm2arlh9gv4s5y-golangci-lint-2.9.0"
        },
        "x86_64-linux": {
          "outputs": [
            {
              "name": "out",
              "path": "/nix/store/z4hziw97m0z1zlrn27pyk53s13czn1gi-golangci-lint-2.9.0",
              "default": true
            }
          ],
          "store_path": "/nix/store/z4hziw97m0z1zlrn27pyk53s13czn1gi-golangci-lint-2.9.0"
        }
      }
    },
    "golines@0.13.0": {
      "last_modified": "2026-04-23T13:07:47Z",
      "resolved": "github:NixOS/nixpkgs/01fbdeef22b76df85ea168fbfe1bfd9e63681b30#golines",
      "source": "devbox-search",
      "version": "0.13.0",
      "systems": {
        "aarch64-darwin": {
          "outputs": [
            {
              "name": "out",
              "path": "/nix/store/xhrnf8rd451sv1dy3z160dmw1n645vhq-golines-0.13.0",
              "default": true
            }
          ],
          "store_path": "/nix/store/xhrnf8rd451sv1dy3z160dmw1n645vhq-golines-0.13.0"
        },
        "aarch64-linux": {
          "outputs": [
            {
              "name": "out",
              "path": "/nix/store/fyd5srm9ga5sda6r4ayarmaw3nan4pq6-golines-0.13.0",
              "default": true
            }
          ],
          "store_path": "/nix/store/fyd5srm9ga5sda6r4ayarmaw3nan4pq6-golines-0.13.0"
        },
        "x86_64-darwin": {
          "outputs": [
            {
              "name": "out",
              "path": "/nix/store/i6szp31l0y7qvfihzj7ail7w7c01ypdk-golines-0.13.0",
              "default": true
            }
          ],
          "store_path": "/nix/store/i6szp31l0y7qvfihzj7ail7w7c01ypdk-golines-0.13.0"
        },
        "x86_64-linux": {
          "outputs": [
            {
              "name": "out",
              "path": "/nix/store/hwmcyqsp1nxc5q2l78mv5yk2m2wc9iag-golines-0.13.0",
              "default": true
            }
          ],
          "store_path": "/nix/store/hwmcyqsp1nxc5q2l78mv5yk2m2wc9iag-golines-0.13.0"
        }
      }
    },
    "gopls@0.22.0": {
      "last_modified": "2026-05-21T08:15:18Z",
      "resolved": "github:NixOS/nixpkgs/4a29d733e8a7d5b824c3d8c958a946a9867b3eb2#gopls",
      "source": "devbox-search",
      "version": "0.22.0",
      "systems": {
        "aarch64-darwin": {
          "outputs": [
            {
              "name": "out",
              "path": "/nix/store/kh5qjkc2nia7fjanfkb9l39k7wjr5z0p-gopls-0.22.0",
              "default": true
            }
          ],
          "store_path": "/nix/store/kh5qjkc2nia7fjanfkb9l39k7wjr5z0p-gopls-0.22.0"
        },
        "aarch64-linux": {
          "outputs": [
            {
              "name": "out",
              "path": "/nix/store/slx20ndx3asarpd5kykfwssa8bxspyny-gopls-0.22.0",
              "default": true
            }
          ],
          "store_path": "/nix/store/slx20ndx3asarpd5kykfwssa8bxspyny-gopls-0.22.0"
        },
        "x86_64-darwin": {
          "outputs": [
            {
              "name": "out",
              "path": "/nix/store/02pjl4mlqf9b8ynfpas5b63zdgn4y33i-gopls-0.22.0",
              "default": true
            }
          ],
          "store_path": "/nix/store/02pjl4mlqf9b8ynfpas5b63zdgn4y33i-gopls-0.22.0"
        },
        "x86_64-linux": {
          "outputs": [
            {
              "name": "out",
              "path": "/nix/store/2j2ic8l0xgarlckkmc6k7dh9v4j6ip3b-gopls-0.22.0",
              "default": true
            }
          ],
          "store_path": "/nix/store/2j2ic8l0xgarlckkmc6k7dh9v4j6ip3b-gopls-0.22.0"
        }
      }
    },
    "gotools@0.44.0": {
      "last_modified": "2026-05-21T08:15:18Z",
      "resolved": "github:NixOS/nixpkgs/4a29d733e8a7d5b824c3d8c958a946a9867b3eb2#gotools",
      "source": "devbox-search",
      "version": "0.44.0",
      "systems": {
        "aarch64-darwin": {
          "outputs": [
            {
              "name": "out",
              "path": "/nix/store/dl2i4m6rnadk78wl39rdj09rzb227wf9-gotools-0.44.0",
              "default": true
            }
          ],
          "store_path": "/nix/store/dl2i4m6rnadk78wl39rdj09rzb227wf9-gotools-0.44.0"
        },
        "aarch64-linux": {
          "outputs": [
            {
              "name": "out",
              "path": "/nix/store/rd1f3b6qyaj2vlixab11xfwgg395vg33-gotools-0.44.0",
              "default": true
            }
          ],
          "store_path": "/nix/store/rd1f3b6qyaj2vlixab11xfwgg395vg33-gotools-0.44.0"
        },
        "x86_64-darwin": {
          "outputs": [
            {
              "name": "out",
              "path": "/nix/store/g5ysiifjdh9fiiqzyn49hi75p0l8q39x-gotools-0.44.0",
              "default": true
            }
          ],
          "store_path": "/nix/store/g5ysiifjdh9fiiqzyn49hi75p0l8q39x-gotools-0.44.0"
        },
        "x86_64-linux": {
          "outputs": [
            {
              "name": "out",
              "path": "/nix/store/7zmny4708b50cfi0bx40jd78z7v0iybb-gotools-0.44.0",
              "default": true
            }
          ],
          "store_path": "/nix/store/7zmny4708b50cfi0bx40jd78z7v0iybb-gotools-0.44.0"
        }
      }
    },
    "just-lsp@0.3.3": {
      "last_modified": "2026-02-23T15:40:43Z",
      "resolved": "github:NixOS/nixpkgs/80d901ec0377e19ac3f7bb8c035201e2e098cc97#just-lsp",
      "source": "devbox-search",
      "version": "0.3.3",
      "systems": {
        "aarch64-darwin": {
          "outputs": [
            {
              "name": "out",
              "path": "/nix/store/6ii75xb1d2gcpsib6sgqk3n9ppday8yk-just-lsp-0.3.3",
              "default": true
            }
          ],
          "store_path": "/nix/store/6ii75xb1d2gcpsib6sgqk3n9ppday8yk-just-lsp-0.3.3"
        },
        "aarch64-linux": {
          "outputs": [
            {
              "name": "out",
              "path": "/nix/store/gl1c449s26x7yq7l7gcr4hjm6ycpc58h-just-lsp-0.3.3",
              "default": true
            }
          ],
          "store_path": "/nix/store/gl1c449s26x7yq7l7gcr4hjm6ycpc58h-just-lsp-0.3.3"
        },
        "x86_64-darwin": {
          "outputs": [
            {
              "name": "out",
              "path": "/nix/store/rmcj8v9bag0nlk82hc8mcsfjb266d1ld-just-lsp-0.3.3",
              "default": true
            }
          ],
          "store_path": "/nix/store/rmcj8v9bag0nlk82hc8mcsfjb266d1ld-just-lsp-0.3.3"
        },
        "x86_64-linux": {
          "outputs": [
            {
              "name": "out",
              "path": "/nix/store/7w57in5z3iq89jrinnnj7zms4lkixpa4-just-lsp-0.3.3",
              "default": true
            }
          ],
          "store_path": "/nix/store/7w57in5z3iq89jrinnnj7zms4lkixpa4-just-lsp-0.3.3"
        }
      }
    },
    "just@1.46.0": {
      "last_modified": "2026-02-23T15:40:43Z",
      "resolved": "github:NixOS/nixpkgs/80d901ec0377e19ac3f7bb8c035201e2e098cc97#just",
      "source": "devbox-search",
      "version": "1.46.0",
      "systems": {
        "aarch64-darwin": {
          "outputs": [
            {
              "name": "out",
              "path": "/nix/store/70xj73qsinvmbc3rn1rch3k0bk2ric41-just-1.46.0",
              "default": true
            },
            {
              "name": "man",
              "path": "/nix/store/0rf7kvb3b5pz82rwadn4xm8y77x2iy4q-just-1.46.0-man",
              "default": true
            },
            {
              "name": "doc",
              "path": "/nix/store/z9xkrp3wmnlhf9h9s1jsh4r23w9jnjj1-just-1.46.0-doc"
            }
          ],
          "store_path": "/nix/store/70xj73qsinvmbc3rn1rch3k0bk2ric41-just-1.46.0"
        },
        "aarch64-linux": {
          "outputs": [
            {
              "name": "out",
              "path": "/nix/store/429xi40vq2by0f8qibrj8w45n92mkhzf-just-1.46.0",
              "default": true
            },
            {
              "name": "man",
              "path": "/nix/store/sykdbhkkadkdgx0psdm3q1j2zpcqm7nn-just-1.46.0-man",
              "default": true
            },
            {
              "name": "doc",
              "path": "/nix/store/4qwqc5rhwj795kqk6385l97paqpvhlaf-just-1.46.0-doc"
            }
          ],
          "store_path": "/nix/store/429xi40vq2by0f8qibrj8w45n92mkhzf-just-1.46.0"
        },
        "x86_64-darwin": {
          "outputs": [
            {
              "name": "out",
              "path": "/nix/store/2ai2169px8hbs6ap7srh9240v7qarjrl-just-1.46.0",
              "default": true
            },
            {
              "name": "man",
              "path": "/nix/store/ii6487zmcpc6qf5v95pfw646f8smkf87-just-1.46.0-man",
              "default": true
            },
            {
              "name": "doc",
              "path": "/nix/store/7hjj4qlvv9kk7rwj3gwz7pyxy6sc8p74-just-1.46.0-doc"
            }
          ],
          "store_path": "/nix/store/2ai2169px8hbs6ap7srh9240v7qarjrl-just-1.46.0"
        },
        "x86_64-linux": {
          "outputs": [
            {
              "name": "out",
              "path": "/nix/store/x6bvf2yyik9jlp2bdsdh8hbzg4l9sd49-just-1.46.0",
              "default": true
            },
            {
              "name": "man",
              "path": "/nix/store/n15hvaaz1fmrl0fgypqr04yj6mj825rw-just-1.46.0-man",
              "default": true
            },
            {
              "name": "doc",
              "path": "/nix/store/hd32nmf13rby52cd7g5gw6f3p2ghnrhl-just-1.46.0-doc"
            }
          ],
          "store_path": "/nix/store/x6bvf2yyik9jlp2bdsdh8hbzg4l9sd49-just-1.46.0"
        }
      }
    },
    "ninja@1.13.1": {
      "last_modified": "2025-11-23T21:50:36Z",
      "resolved": "github:NixOS/nixpkgs/ee09932cedcef15aaf476f9343d1dea2cb77e261#ninja",
      "source": "devbox-search",
      "version": "1.13.1",
      "systems": {
        "aarch64-darwin": {
          "outputs": [
            {
              "name": "out",
              "path": "/nix/store/6y79vrqachzns4pgl8r0j04b7g33hl52-ninja-1.13.1",
              "default": true
            }
          ],
          "store_path": "/nix/store/6y79vrqachzns4pgl8r0j04b7g33hl52-ninja-1.13.1"
        },
        "aarch64-linux": {
          "outputs": [
            {
              "name": "out",
              "path": "/nix/store/jpwn5zii6bzpvf9dm4dw7cdvwychpxwz-ninja-1.13.1",
              "default": true
            }
          ],
          "store_path": "/nix/store/jpwn5zii6bzpvf9dm4dw7cdvwychpxwz-ninja-1.13.1"
        },
        "x86_64-darwin": {
          "outputs": [
            {
              "name": "out",
              "path": "/nix/store/82kdfnd09s2npwlsnqzak29nf592czr6-ninja-1.13.1",
              "default": true
            }
          ],
          "store_path": "/nix/store/82kdfnd09s2npwlsnqzak29nf592czr6-ninja-1.13.1"
        },
        "x86_64-linux": {
          "outputs": [
            {
              "name": "out",
              "path": "/nix/store/nib1r4k4cqph7zjjnbfc1d6cbg11qr76-ninja-1.13.1",
              "default": true
            }
          ],
          "store_path": "/nix/store/nib1r4k4cqph7zjjnbfc1d6cbg11qr76-ninja-1.13.1"
        }
      }
    }
  }
}
