{
  "nodes": {
    "nixpkgs": {
      "locked": {
        "lastModified": 1761874065,
        "narHash": "sha256-NmiCO/7hKv3TVIXXtEAkpGHiJzQc/5z8PT8tO+SKPZA=",
        "owner": "NixOS",
        "repo": "nixpkgs",
        "rev": "b976292fb39a449bcf410219e4cf0aa05a8b4d04",
        "type": "github"
      },
      "original": {
        "narHash": "sha256-NmiCO/7hKv3TVIXXtEAkpGHiJzQc/5z8PT8tO+SKPZA=",
        "owner": "NixOS",
        "repo": "nixpkgs",
        "rev": "b976292fb39a449bcf410219e4cf0aa05a8b4d04",
        "type": "github"
      }
    },
    "root": {
      "inputs": {
        "nixpkgs": "nixpkgs"
      }
    }
  },
  "root": "root",
  "version": 7
}
